// !$*UTF8*$!
{
	archiveVersion = 1;
	classes = {
	};
	objectVersion = 46;
	objects = {

/* Begin PBXBuildFile section */
		3E0172C91612628900CBF9AF /* houseFactory.m in Sources */ = {isa = PBXBuildFile; fileRef = 3E0172C81612628900CBF9AF /* houseFactory.m */; };
		3E0172CD161262C400CBF9AF /* baseHouse.m in Sources */ = {isa = PBXBuildFile; fileRef = 3E0172CC161262C400CBF9AF /* baseHouse.m */; };
		3E0172D01612630000CBF9AF /* logHouse.m in Sources */ = {isa = PBXBuildFile; fileRef = 3E0172CF1612630000CBF9AF /* logHouse.m */; };
		3E0172D31612632200CBF9AF /* brickHouse.m in Sources */ = {isa = PBXBuildFile; fileRef = 3E0172D21612632200CBF9AF /* brickHouse.m */; };
		3E98FCEE1613340A00A3C39C /* adobeHouse.m in Sources */ = {isa = PBXBuildFile; fileRef = 3E98FCED1613340900A3C39C /* adobeHouse.m */; };
		3E9F7F84161075DC0002084E /* UIKit.framework in Frameworks */ = {isa = PBXBuildFile; fileRef = 3E9F7F83161075DC0002084E /* UIKit.framework */; };
		3E9F7F86161075DC0002084E /* Foundation.framework in Frameworks */ = {isa = PBXBuildFile; fileRef = 3E9F7F85161075DC0002084E /* Foundation.framework */; };
		3E9F7F88161075DC0002084E /* CoreGraphics.framework in Frameworks */ = {isa = PBXBuildFile; fileRef = 3E9F7F87161075DC0002084E /* CoreGraphics.framework */; };
		3E9F7F8E161075DC0002084E /* InfoPlist.strings in Resources */ = {isa = PBXBuildFile; fileRef = 3E9F7F8C161075DC0002084E /* InfoPlist.strings */; };
		3E9F7F90161075DC0002084E /* main.m in Sources */ = {isa = PBXBuildFile; fileRef = 3E9F7F8F161075DC0002084E /* main.m */; };
		3E9F7F94161075DC0002084E /* AppDelegate.m in Sources */ = {isa = PBXBuildFile; fileRef = 3E9F7F93161075DC0002084E /* AppDelegate.m */; };
		3E9F7F97161075DC0002084E /* ViewController.m in Sources */ = {isa = PBXBuildFile; fileRef = 3E9F7F96161075DC0002084E /* ViewController.m */; };
		3E9F7F9A161075DC0002084E /* ViewController.xib in Resources */ = {isa = PBXBuildFile; fileRef = 3E9F7F98161075DC0002084E /* ViewController.xib */; };
/* End PBXBuildFile section */

/* Begin PBXFileReference section */
		3E0172C71612628900CBF9AF /* houseFactory.h */ = {isa = PBXFileReference; fileEncoding = 4; lastKnownFileType = sourcecode.c.h; path = houseFactory.h; sourceTree = "<group>"; };
		3E0172C81612628900CBF9AF /* houseFactory.m */ = {isa = PBXFileReference; fileEncoding = 4; lastKnownFileType = sourcecode.c.objc; path = houseFactory.m; sourceTree = "<group>"; };
		3E0172CB161262C400CBF9AF /* baseHouse.h */ = {isa = PBXFileReference; fileEncoding = 4; lastKnownFileType = sourcecode.c.h; path = baseHouse.h; sourceTree = "<group>"; };
		3E0172CC161262C400CBF9AF /* baseHouse.m */ = {isa = PBXFileReference; fileEncoding = 4; lastKnownFileType = sourcecode.c.objc; path = baseHouse.m; sourceTree = "<group>"; };
		3E0172CE1612630000CBF9AF /* logHouse.h */ = {isa = PBXFileReference; fileEncoding = 4; lastKnownFileType = sourcecode.c.h; path = logHouse.h; sourceTree = "<group>"; };
		3E0172CF1612630000CBF9AF /* logHouse.m */ = {isa = PBXFileReference; fileEncoding = 4; lastKnownFileType = sourcecode.c.objc; path = logHouse.m; sourceTree = "<group>"; };
		3E0172D11612632200CBF9AF /* brickHouse.h */ = {isa = PBXFileReference; fileEncoding = 4; lastKnownFileType = sourcecode.c.h; path = brickHouse.h; sourceTree = "<group>"; };
		3E0172D21612632200CBF9AF /* brickHouse.m */ = {isa = PBXFileReference; fileEncoding = 4; lastKnownFileType = sourcecode.c.objc; path = brickHouse.m; sourceTree = "<group>"; };
		3E98FCEC1613340900A3C39C /* adobeHouse.h */ = {isa = PBXFileReference; fileEncoding = 4; lastKnownFileType = sourcecode.c.h; path = adobeHouse.h; sourceTree = "<group>"; };
		3E98FCED1613340900A3C39C /* adobeHouse.m */ = {isa = PBXFileReference; fileEncoding = 4; lastKnownFileType = sourcecode.c.objc; path = adobeHouse.m; sourceTree = "<group>"; };
		3E9F7F7F161075DC0002084E /* APL2_Week1.app */ = {isa = PBXFileReference; explicitFileType = wrapper.application; includeInIndex = 0; path = APL2_Week1.app; sourceTree = BUILT_PRODUCTS_DIR; };
		3E9F7F83161075DC0002084E /* UIKit.framework */ = {isa = PBXFileReference; lastKnownFileType = wrapper.framework; name = UIKit.framework; path = System/Library/Frameworks/UIKit.framework; sourceTree = SDKROOT; };
		3E9F7F85161075DC0002084E /* Foundation.framework */ = {isa = PBXFileReference; lastKnownFileType = wrapper.framework; name = Foundation.framework; path = System/Library/Frameworks/Foundation.framework; sourceTree = SDKROOT; };
		3E9F7F87161075DC0002084E /* CoreGraphics.framework */ = {isa = PBXFileReference; lastKnownFileType = wrapper.framework; name = CoreGraphics.framework; path = System/Library/Frameworks/CoreGraphics.framework; sourceTree = SDKROOT; };
		3E9F7F8B161075DC0002084E /* APL2_Week1-Info.plist */ = {isa = PBXFileReference; lastKnownFileType = text.plist.xml; path = "APL2_Week1-Info.plist"; sourceTree = "<group>"; };
		3E9F7F8D161075DC0002084E /* en */ = {isa = PBXFileReference; lastKnownFileType = text.plist.strings; name = en; path = en.lproj/InfoPlist.strings; sourceTree = "<group>"; };
		3E9F7F8F161075DC0002084E /* main.m */ = {isa = PBXFileReference; lastKnownFileType = sourcecode.c.objc; path = main.m; sourceTree = "<group>"; };
		3E9F7F91161075DC0002084E /* APL2_Week1-Prefix.pch */ = {isa = PBXFileReference; lastKnownFileType = sourcecode.c.h; path = "APL2_Week1-Prefix.pch"; sourceTree = "<group>"; };
		3E9F7F92161075DC0002084E /* AppDelegate.h */ = {isa = PBXFileReference; lastKnownFileType = sourcecode.c.h; path = AppDelegate.h; sourceTree = "<group>"; };
		3E9F7F93161075DC0002084E /* AppDelegate.m */ = {isa = PBXFileReference; lastKnownFileType = sourcecode.c.objc; path = AppDelegate.m; sourceTree = "<group>"; };
		3E9F7F95161075DC0002084E /* ViewController.h */ = {isa = PBXFileReference; lastKnownFileType = sourcecode.c.h; path = ViewController.h; sourceTree = "<group>"; };
		3E9F7F96161075DC0002084E /* ViewController.m */ = {isa = PBXFileReference; lastKnownFileType = sourcecode.c.objc; path = ViewController.m; sourceTree = "<group>"; };
		3E9F7F99161075DC0002084E /* en */ = {isa = PBXFileReference; lastKnownFileType = file.xib; name = en; path = en.lproj/ViewController.xib; sourceTree = "<group>"; };
/* End PBXFileReference section */

/* Begin PBXFrameworksBuildPhase section */
		3E9F7F7C161075DC0002084E /* Frameworks */ = {
			isa = PBXFrameworksBuildPhase;
			buildActionMask = 2147483647;
			files = (
				3E9F7F84161075DC0002084E /* UIKit.framework in Frameworks */,
				3E9F7F86161075DC0002084E /* Foundation.framework in Frameworks */,
				3E9F7F88161075DC0002084E /* CoreGraphics.framework in Frameworks */,
			);
			runOnlyForDeploymentPostprocessing = 0;
		};
/* End PBXFrameworksBuildPhase section */

/* Begin PBXGroup section */
		3E9F7F74161075DC0002084E = {
			isa = PBXGroup;
			children = (
				3E9F7F89161075DC0002084E /* APL2_Week1 */,
				3E9F7F82161075DC0002084E /* Frameworks */,
				3E9F7F80161075DC0002084E /* Products */,
			);
			sourceTree = "<group>";
		};
		3E9F7F80161075DC0002084E /* Products */ = {
			isa = PBXGroup;
			children = (
				3E9F7F7F161075DC0002084E /* APL2_Week1.app */,
			);
			name = Products;
			sourceTree = "<group>";
		};
		3E9F7F82161075DC0002084E /* Frameworks */ = {
			isa = PBXGroup;
			children = (
				3E9F7F83161075DC0002084E /* UIKit.framework */,
				3E9F7F85161075DC0002084E /* Foundation.framework */,
				3E9F7F87161075DC0002084E /* CoreGraphics.framework */,
			);
			name = Frameworks;
			sourceTree = "<group>";
		};
		3E9F7F89161075DC0002084E /* APL2_Week1 */ = {
			isa = PBXGroup;
			children = (
				3E9F7F92161075DC0002084E /* AppDelegate.h */,
				3E9F7F93161075DC0002084E /* AppDelegate.m */,
				3E9F7F95161075DC0002084E /* ViewController.h */,
				3E9F7F96161075DC0002084E /* ViewController.m */,
				3E9F7F98161075DC0002084E /* ViewController.xib */,
				3E9F7F8A161075DC0002084E /* Supporting Files */,
				3E0172C71612628900CBF9AF /* houseFactory.h */,
				3E0172C81612628900CBF9AF /* houseFactory.m */,
				3E0172CB161262C400CBF9AF /* baseHouse.h */,
				3E0172CC161262C400CBF9AF /* baseHouse.m */,
				3E0172CE1612630000CBF9AF /* logHouse.h */,
				3E0172CF1612630000CBF9AF /* logHouse.m */,
				3E0172D11612632200CBF9AF /* brickHouse.h */,
				3E0172D21612632200CBF9AF /* brickHouse.m */,
				3E98FCEC1613340900A3C39C /* adobeHouse.h */,
				3E98FCED1613340900A3C39C /* adobeHouse.m */,
			);
			path = APL2_Week1;
			sourceTree = "<group>";
		};
		3E9F7F8A161075DC0002084E /* Supporting Files */ = {
			isa = PBXGroup;
			children = (
				3E9F7F8B161075DC0002084E /* APL2_Week1-Info.plist */,
				3E9F7F8C161075DC0002084E /* InfoPlist.strings */,
				3E9F7F8F161075DC0002084E /* main.m */,
				3E9F7F91161075DC0002084E /* APL2_Week1-Prefix.pch */,
			);
			name = "Supporting Files";
			sourceTree = "<group>";
		};
/* End PBXGroup section */

/* Begin PBXNativeTarget section */
		3E9F7F7E161075DC0002084E /* APL2_Week1 */ = {
			isa = PBXNativeTarget;
			buildConfigurationList = 3E9F7F9D161075DC0002084E /* Build configuration list for PBXNativeTarget "APL2_Week1" */;
			buildPhases = (
				3E9F7F7B161075DC0002084E /* Sources */,
				3E9F7F7C161075DC0002084E /* Frameworks */,
				3E9F7F7D161075DC0002084E /* Resources */,
			);
			buildRules = (
			);
			dependencies = (
			);
			name = APL2_Week1;
			productName = APL2_Week1;
			productReference = 3E9F7F7F161075DC0002084E /* APL2_Week1.app */;
			productType = "com.apple.product-type.application";
		};
/* End PBXNativeTarget section */

/* Begin PBXProject section */
		3E9F7F76161075DC0002084E /* Project object */ = {
			isa = PBXProject;
			attributes = {
				LastUpgradeCheck = 0440;
				ORGANIZATIONNAME = "Jesse Nave";
			};
			buildConfigurationList = 3E9F7F79161075DC0002084E /* Build configuration list for PBXProject "APL2_Week1" */;
			compatibilityVersion = "Xcode 3.2";
			developmentRegion = English;
			hasScannedForEncodings = 0;
			knownRegions = (
				en,
			);
			mainGroup = 3E9F7F74161075DC0002084E;
			productRefGroup = 3E9F7F80161075DC0002084E /* Products */;
			projectDirPath = "";
			projectRoot = "";
			targets = (
				3E9F7F7E161075DC0002084E /* APL2_Week1 */,
			);
		};
/* End PBXProject section */

/* Begin PBXResourcesBuildPhase section */
		3E9F7F7D161075DC0002084E /* Resources */ = {
			isa = PBXResourcesBuildPhase;
			buildActionMask = 2147483647;
			files = (
				3E9F7F8E161075DC0002084E /* InfoPlist.strings in Resources */,
				3E9F7F9A161075DC0002084E /* ViewController.xib in Resources */,
			);
			runOnlyForDeploymentPostprocessing = 0;
		};
/* End PBXResourcesBuildPhase section */

/* Begin PBXSourcesBuildPhase section */
		3E9F7F7B161075DC0002084E /* Sources */ = {
			isa = PBXSourcesBuildPhase;
			buildActionMask = 2147483647;
			files = (
				3E9F7F90161075DC0002084E /* main.m in Sources */,
				3E9F7F94161075DC0002084E /* AppDelegate.m in Sources */,
				3E9F7F97161075DC0002084E /* ViewController.m in Sources */,
				3E0172C91612628900CBF9AF /* houseFactory.m in Sources */,
				3E0172CD161262C400CBF9AF /* baseHouse.m in Sources */,
				3E0172D01612630000CBF9AF /* logHouse.m in Sources */,
				3E0172D31612632200CBF9AF /* brickHouse.m in Sources */,
				3E98FCEE1613340A00A3C39C /* adobeHouse.m in Sources */,
			);
			runOnlyForDeploymentPostprocessing = 0;
		};
/* End PBXSourcesBuildPhase section */

/* Begin PBXVariantGroup section */
		3E9F7F8C161075DC0002084E /* InfoPlist.strings */ = {
			isa = PBXVariantGroup;
			children = (
				3E9F7F8D161075DC0002084E /* en */,
			);
			name = InfoPlist.strings;
			sourceTree = "<group>";
		};
		3E9F7F98161075DC0002084E /* ViewController.xib */ = {
			isa = PBXVariantGroup;
			children = (
				3E9F7F99161075DC0002084E /* en */,
			);
			name = ViewController.xib;
			sourceTree = "<group>";
		};
/* End PBXVariantGroup section */

/* Begin XCBuildConfiguration section */
		3E9F7F9B161075DC0002084E /* Debug */ = {
			isa = XCBuildConfiguration;
			buildSettings = {
				ALWAYS_SEARCH_USER_PATHS = NO;
				ARCHS = "$(ARCHS_STANDARD_32_BIT)";
				CLANG_CXX_LANGUAGE_STANDARD = "gnu++0x";
				CLANG_WARN__DUPLICATE_METHOD_MATCH = YES;
				"CODE_SIGN_IDENTITY[sdk=iphoneos*]" = "iPhone Developer";
				COPY_PHASE_STRIP = NO;
				GCC_C_LANGUAGE_STANDARD = gnu99;
				GCC_DYNAMIC_NO_PIC = NO;
				GCC_OPTIMIZATION_LEVEL = 0;
				GCC_PREPROCESSOR_DEFINITIONS = (
					"DEBUG=1",
					"$(inherited)",
				);
				GCC_SYMBOLS_PRIVATE_EXTERN = NO;
				GCC_VERSION = com.apple.compilers.llvm.clang.1_0;
				GCC_WARN_ABOUT_RETURN_TYPE = YES;
				GCC_WARN_UNINITIALIZED_AUTOS = YES;
				GCC_WARN_UNUSED_VARIABLE = YES;
				IPHONEOS_DEPLOYMENT_TARGET = 5.1;
				SDKROOT = iphoneos;
			};
			name = Debug;
		};
		3E9F7F9C161075DC0002084E /* Release */ = {
			isa = XCBuildConfiguration;
			buildSettings = {
				ALWAYS_SEARCH_USER_PATHS = NO;
				ARCHS = "$(ARCHS_STANDARD_32_BIT)";
				CLANG_CXX_LANGUAGE_STANDARD = "gnu++0x";
				CLANG_WARN__DUPLICATE_METHOD_MATCH = YES;
				"CODE_SIGN_IDENTITY[sdk=iphoneos*]" = "iPhone Developer";
				COPY_PHASE_STRIP = YES;
				GCC_C_LANGUAGE_STANDARD = gnu99;
				GCC_VERSION = com.apple.compilers.llvm.clang.1_0;
				GCC_WARN_ABOUT_RETURN_TYPE = YES;
				GCC_WARN_UNINITIALIZED_AUTOS = YES;
				GCC_WARN_UNUSED_VARIABLE = YES;
				IPHONEOS_DEPLOYMENT_TARGET = 5.1;
				OTHER_CFLAGS = "-DNS_BLOCK_ASSERTIONS=1";
				SDKROOT = iphoneos;
				VALIDATE_PRODUCT = YES;
			};
			name = Release;
		};
		3E9F7F9E161075DC0002084E /* Debug */ = {
			isa = XCBuildConfiguration;
			buildSettings = {
				GCC_PRECOMPILE_PREFIX_HEADER = YES;
				GCC_PREFIX_HEADER = "APL2_Week1/APL2_Week1-Prefix.pch";
				INFOPLIST_FILE = "APL2_Week1/APL2_Week1-Info.plist";
				PRODUCT_NAME = "$(TARGET_NAME)";
				WRAPPER_EXTENSION = app;
			};
			name = Debug;
		};
		3E9F7F9F161075DC0002084E /* Release */ = {
			isa = XCBuildConfiguration;
			buildSettings = {
				GCC_PRECOMPILE_PREFIX_HEADER = YES;
				GCC_PREFIX_HEADER = "APL2_Week1/APL2_Week1-Prefix.pch";
				INFOPLIST_FILE = "APL2_Week1/APL2_Week1-Info.plist";
				PRODUCT_NAME = "$(TARGET_NAME)";
				WRAPPER_EXTENSION = app;
			};
			name = Release;
		};
/* End XCBuildConfiguration section */

/* Begin XCConfigurationList section */
		3E9F7F79161075DC0002084E /* Build configuration list for PBXProject "APL2_Week1" */ = {
			isa = XCConfigurationList;
			buildConfigurations = (
				3E9F7F9B161075DC0002084E /* Debug */,
				3E9F7F9C161075DC0002084E /* Release */,
			);
			defaultConfigurationIsVisible = 0;
			defaultConfigurationName = Release;
		};
		3E9F7F9D161075DC0002084E /* Build configuration list for PBXNativeTarget "APL2_Week1" */ = {
			isa = XCConfigurationList;
			buildConfigurations = (
				3E9F7F9E161075DC0002084E /* Debug */,
				3E9F7F9F161075DC0002084E /* Release */,
			);
			defaultConfigurationIsVisible = 0;
			defaultConfigurationName = Release;
		};
/* End XCConfigurationList section */
	};
	rootObject = 3E9F7F76161075DC0002084E /* Project object */;
}
