// !$*UTF8*$!
{
	archiveVersion = 1;
	classes = {
	};
	objectVersion = 46;
	objects = {

/* Begin PBXBuildFile section */
		3E7DDB5B1621A3D500674824 /* UIKit.framework in Frameworks */ = {isa = PBXBuildFile; fileRef = 3E7DDB5A1621A3D500674824 /* UIKit.framework */; };
		3E7DDB5D1621A3D500674824 /* Foundation.framework in Frameworks */ = {isa = PBXBuildFile; fileRef = 3E7DDB5C1621A3D500674824 /* Foundation.framework */; };
		3E7DDB5F1621A3D500674824 /* CoreGraphics.framework in Frameworks */ = {isa = PBXBuildFile; fileRef = 3E7DDB5E1621A3D500674824 /* CoreGraphics.framework */; };
		3E7DDB651621A3D500674824 /* InfoPlist.strings in Resources */ = {isa = PBXBuildFile; fileRef = 3E7DDB631621A3D500674824 /* InfoPlist.strings */; };
		3E7DDB671621A3D500674824 /* main.m in Sources */ = {isa = PBXBuildFile; fileRef = 3E7DDB661621A3D500674824 /* main.m */; };
		3E7DDB6B1621A3D500674824 /* AppDelegate.m in Sources */ = {isa = PBXBuildFile; fileRef = 3E7DDB6A1621A3D500674824 /* AppDelegate.m */; };
		3E7DDB6D1621A3D500674824 /* Default.png in Resources */ = {isa = PBXBuildFile; fileRef = 3E7DDB6C1621A3D500674824 /* Default.png */; };
		3E7DDB6F1621A3D500674824 /* Default@2x.png in Resources */ = {isa = PBXBuildFile; fileRef = 3E7DDB6E1621A3D500674824 /* Default@2x.png */; };
		3E7DDB711621A3D500674824 /* Default-568h@2x.png in Resources */ = {isa = PBXBuildFile; fileRef = 3E7DDB701621A3D500674824 /* Default-568h@2x.png */; };
		3E7DDB741621A3D500674824 /* MainViewController.m in Sources */ = {isa = PBXBuildFile; fileRef = 3E7DDB731621A3D500674824 /* MainViewController.m */; };
		3E7DDB771621A3D500674824 /* FlipsideViewController.m in Sources */ = {isa = PBXBuildFile; fileRef = 3E7DDB761621A3D500674824 /* FlipsideViewController.m */; };
		3E7DDB7A1621A3D500674824 /* MainViewController.xib in Resources */ = {isa = PBXBuildFile; fileRef = 3E7DDB781621A3D500674824 /* MainViewController.xib */; };
		3E7DDB7D1621A3D500674824 /* FlipsideViewController.xib in Resources */ = {isa = PBXBuildFile; fileRef = 3E7DDB7B1621A3D500674824 /* FlipsideViewController.xib */; };
/* End PBXBuildFile section */

/* Begin PBXFileReference section */
		3E7DDB561621A3D500674824 /* APL2_Week3.app */ = {isa = PBXFileReference; explicitFileType = wrapper.application; includeInIndex = 0; path = APL2_Week3.app; sourceTree = BUILT_PRODUCTS_DIR; };
		3E7DDB5A1621A3D500674824 /* UIKit.framework */ = {isa = PBXFileReference; lastKnownFileType = wrapper.framework; name = UIKit.framework; path = System/Library/Frameworks/UIKit.framework; sourceTree = SDKROOT; };
		3E7DDB5C1621A3D500674824 /* Foundation.framework */ = {isa = PBXFileReference; lastKnownFileType = wrapper.framework; name = Foundation.framework; path = System/Library/Frameworks/Foundation.framework; sourceTree = SDKROOT; };
		3E7DDB5E1621A3D500674824 /* CoreGraphics.framework */ = {isa = PBXFileReference; lastKnownFileType = wrapper.framework; name = CoreGraphics.framework; path = System/Library/Frameworks/CoreGraphics.framework; sourceTree = SDKROOT; };
		3E7DDB621621A3D500674824 /* APL2_Week3-Info.plist */ = {isa = PBXFileReference; lastKnownFileType = text.plist.xml; path = "APL2_Week3-Info.plist"; sourceTree = "<group>"; };
		3E7DDB641621A3D500674824 /* en */ = {isa = PBXFileReference; lastKnownFileType = text.plist.strings; name = en; path = en.lproj/InfoPlist.strings; sourceTree = "<group>"; };
		3E7DDB661621A3D500674824 /* main.m */ = {isa = PBXFileReference; lastKnownFileType = sourcecode.c.objc; path = main.m; sourceTree = "<group>"; };
		3E7DDB681621A3D500674824 /* APL2_Week3-Prefix.pch */ = {isa = PBXFileReference; lastKnownFileType = sourcecode.c.h; path = "APL2_Week3-Prefix.pch"; sourceTree = "<group>"; };
		3E7DDB691621A3D500674824 /* AppDelegate.h */ = {isa = PBXFileReference; lastKnownFileType = sourcecode.c.h; path = AppDelegate.h; sourceTree = "<group>"; };
		3E7DDB6A1621A3D500674824 /* AppDelegate.m */ = {isa = PBXFileReference; lastKnownFileType = sourcecode.c.objc; path = AppDelegate.m; sourceTree = "<group>"; };
		3E7DDB6C1621A3D500674824 /* Default.png */ = {isa = PBXFileReference; lastKnownFileType = image.png; path = Default.png; sourceTree = "<group>"; };
		3E7DDB6E1621A3D500674824 /* Default@2x.png */ = {isa = PBXFileReference; lastKnownFileType = image.png; path = "Default@2x.png"; sourceTree = "<group>"; };
		3E7DDB701621A3D500674824 /* Default-568h@2x.png */ = {isa = PBXFileReference; lastKnownFileType = image.png; path = "Default-568h@2x.png"; sourceTree = "<group>"; };
		3E7DDB721621A3D500674824 /* MainViewController.h */ = {isa = PBXFileReference; lastKnownFileType = sourcecode.c.h; path = MainViewController.h; sourceTree = "<group>"; };
		3E7DDB731621A3D500674824 /* MainViewController.m */ = {isa = PBXFileReference; lastKnownFileType = sourcecode.c.objc; path = MainViewController.m; sourceTree = "<group>"; };
		3E7DDB751621A3D500674824 /* FlipsideViewController.h */ = {isa = PBXFileReference; lastKnownFileType = sourcecode.c.h; path = FlipsideViewController.h; sourceTree = "<group>"; };
		3E7DDB761621A3D500674824 /* FlipsideViewController.m */ = {isa = PBXFileReference; lastKnownFileType = sourcecode.c.objc; path = FlipsideViewController.m; sourceTree = "<group>"; };
		3E7DDB791621A3D500674824 /* en */ = {isa = PBXFileReference; lastKnownFileType = file.xib; name = en; path = en.lproj/MainViewController.xib; sourceTree = "<group>"; };
		3E7DDB7C1621A3D500674824 /* en */ = {isa = PBXFileReference; lastKnownFileType = file.xib; name = en; path = en.lproj/FlipsideViewController.xib; sourceTree = "<group>"; };
/* End PBXFileReference section */

/* Begin PBXFrameworksBuildPhase section */
		3E7DDB531621A3D500674824 /* Frameworks */ = {
			isa = PBXFrameworksBuildPhase;
			buildActionMask = 2147483647;
			files = (
				3E7DDB5B1621A3D500674824 /* UIKit.framework in Frameworks */,
				3E7DDB5D1621A3D500674824 /* Foundation.framework in Frameworks */,
				3E7DDB5F1621A3D500674824 /* CoreGraphics.framework in Frameworks */,
			);
			runOnlyForDeploymentPostprocessing = 0;
		};
/* End PBXFrameworksBuildPhase section */

/* Begin PBXGroup section */
		3E7DDB4B1621A3D500674824 = {
			isa = PBXGroup;
			children = (
				3E7DDB601621A3D500674824 /* APL2_Week3 */,
				3E7DDB591621A3D500674824 /* Frameworks */,
				3E7DDB571621A3D500674824 /* Products */,
			);
			sourceTree = "<group>";
		};
		3E7DDB571621A3D500674824 /* Products */ = {
			isa = PBXGroup;
			children = (
				3E7DDB561621A3D500674824 /* APL2_Week3.app */,
			);
			name = Products;
			sourceTree = "<group>";
		};
		3E7DDB591621A3D500674824 /* Frameworks */ = {
			isa = PBXGroup;
			children = (
				3E7DDB5A1621A3D500674824 /* UIKit.framework */,
				3E7DDB5C1621A3D500674824 /* Foundation.framework */,
				3E7DDB5E1621A3D500674824 /* CoreGraphics.framework */,
			);
			name = Frameworks;
			sourceTree = "<group>";
		};
		3E7DDB601621A3D500674824 /* APL2_Week3 */ = {
			isa = PBXGroup;
			children = (
				3E7DDB691621A3D500674824 /* AppDelegate.h */,
				3E7DDB6A1621A3D500674824 /* AppDelegate.m */,
				3E7DDB721621A3D500674824 /* MainViewController.h */,
				3E7DDB731621A3D500674824 /* MainViewController.m */,
				3E7DDB751621A3D500674824 /* FlipsideViewController.h */,
				3E7DDB761621A3D500674824 /* FlipsideViewController.m */,
				3E7DDB781621A3D500674824 /* MainViewController.xib */,
				3E7DDB7B1621A3D500674824 /* FlipsideViewController.xib */,
				3E7DDB611621A3D500674824 /* Supporting Files */,
			);
			path = APL2_Week3;
			sourceTree = "<group>";
		};
		3E7DDB611621A3D500674824 /* Supporting Files */ = {
			isa = PBXGroup;
			children = (
				3E7DDB621621A3D500674824 /* APL2_Week3-Info.plist */,
				3E7DDB631621A3D500674824 /* InfoPlist.strings */,
				3E7DDB661621A3D500674824 /* main.m */,
				3E7DDB681621A3D500674824 /* APL2_Week3-Prefix.pch */,
				3E7DDB6C1621A3D500674824 /* Default.png */,
				3E7DDB6E1621A3D500674824 /* Default@2x.png */,
				3E7DDB701621A3D500674824 /* Default-568h@2x.png */,
			);
			name = "Supporting Files";
			sourceTree = "<group>";
		};
/* End PBXGroup section */

/* Begin PBXNativeTarget section */
		3E7DDB551621A3D500674824 /* APL2_Week3 */ = {
			isa = PBXNativeTarget;
			buildConfigurationList = 3E7DDB801621A3D500674824 /* Build configuration list for PBXNativeTarget "APL2_Week3" */;
			buildPhases = (
				3E7DDB521621A3D500674824 /* Sources */,
				3E7DDB531621A3D500674824 /* Frameworks */,
				3E7DDB541621A3D500674824 /* Resources */,
			);
			buildRules = (
			);
			dependencies = (
			);
			name = APL2_Week3;
			productName = APL2_Week3;
			productReference = 3E7DDB561621A3D500674824 /* APL2_Week3.app */;
			productType = "com.apple.product-type.application";
		};
/* End PBXNativeTarget section */

/* Begin PBXProject section */
		3E7DDB4D1621A3D500674824 /* Project object */ = {
			isa = PBXProject;
			attributes = {
				LastUpgradeCheck = 0450;
				ORGANIZATIONNAME = "Jesse Nave";
			};
			buildConfigurationList = 3E7DDB501621A3D500674824 /* Build configuration list for PBXProject "APL2_Week3" */;
			compatibilityVersion = "Xcode 3.2";
			developmentRegion = English;
			hasScannedForEncodings = 0;
			knownRegions = (
				en,
			);
			mainGroup = 3E7DDB4B1621A3D500674824;
			productRefGroup = 3E7DDB571621A3D500674824 /* Products */;
			projectDirPath = "";
			projectRoot = "";
			targets = (
				3E7DDB551621A3D500674824 /* APL2_Week3 */,
			);
		};
/* End PBXProject section */

/* Begin PBXResourcesBuildPhase section */
		3E7DDB541621A3D500674824 /* Resources */ = {
			isa = PBXResourcesBuildPhase;
			buildActionMask = 2147483647;
			files = (
				3E7DDB651621A3D500674824 /* InfoPlist.strings in Resources */,
				3E7DDB6D1621A3D500674824 /* Default.png in Resources */,
				3E7DDB6F1621A3D500674824 /* Default@2x.png in Resources */,
				3E7DDB711621A3D500674824 /* Default-568h@2x.png in Resources */,
				3E7DDB7A1621A3D500674824 /* MainViewController.xib in Resources */,
				3E7DDB7D1621A3D500674824 /* FlipsideViewController.xib in Resources */,
			);
			runOnlyForDeploymentPostprocessing = 0;
		};
/* End PBXResourcesBuildPhase section */

/* Begin PBXSourcesBuildPhase section */
		3E7DDB521621A3D500674824 /* Sources */ = {
			isa = PBXSourcesBuildPhase;
			buildActionMask = 2147483647;
			files = (
				3E7DDB671621A3D500674824 /* main.m in Sources */,
				3E7DDB6B1621A3D500674824 /* AppDelegate.m in Sources */,
				3E7DDB741621A3D500674824 /* MainViewController.m in Sources */,
				3E7DDB771621A3D500674824 /* FlipsideViewController.m in Sources */,
			);
			runOnlyForDeploymentPostprocessing = 0;
		};
/* End PBXSourcesBuildPhase section */

/* Begin PBXVariantGroup section */
		3E7DDB631621A3D500674824 /* InfoPlist.strings */ = {
			isa = PBXVariantGroup;
			children = (
				3E7DDB641621A3D500674824 /* en */,
			);
			name = InfoPlist.strings;
			sourceTree = "<group>";
		};
		3E7DDB781621A3D500674824 /* MainViewController.xib */ = {
			isa = PBXVariantGroup;
			children = (
				3E7DDB791621A3D500674824 /* en */,
			);
			name = MainViewController.xib;
			sourceTree = "<group>";
		};
		3E7DDB7B1621A3D500674824 /* FlipsideViewController.xib */ = {
			isa = PBXVariantGroup;
			children = (
				3E7DDB7C1621A3D500674824 /* en */,
			);
			name = FlipsideViewController.xib;
			sourceTree = "<group>";
		};
/* End PBXVariantGroup section */

/* Begin XCBuildConfiguration section */
		3E7DDB7E1621A3D500674824 /* Debug */ = {
			isa = XCBuildConfiguration;
			buildSettings = {
				ALWAYS_SEARCH_USER_PATHS = NO;
				CLANG_CXX_LANGUAGE_STANDARD = "gnu++0x";
				CLANG_CXX_LIBRARY = "libc++";
				CLANG_WARN_EMPTY_BODY = YES;
				CLANG_WARN__DUPLICATE_METHOD_MATCH = YES;
				"CODE_SIGN_IDENTITY[sdk=iphoneos*]" = "iPhone Developer";
				COPY_PHASE_STRIP = NO;
				GCC_C_LANGUAGE_STANDARD = gnu99;
				GCC_DYNAMIC_NO_PIC = NO;
				GCC_OPTIMIZATION_LEVEL = 0;
				GCC_PREPROCESSOR_DEFINITIONS = (
					"DEBUG=1",
					"$(inherited)",
				);
				GCC_SYMBOLS_PRIVATE_EXTERN = NO;
				GCC_WARN_ABOUT_RETURN_TYPE = YES;
				GCC_WARN_UNINITIALIZED_AUTOS = YES;
				GCC_WARN_UNUSED_VARIABLE = YES;
				IPHONEOS_DEPLOYMENT_TARGET = 6.0;
				ONLY_ACTIVE_ARCH = YES;
				SDKROOT = iphoneos;
			};
			name = Debug;
		};
		3E7DDB7F1621A3D500674824 /* Release */ = {
			isa = XCBuildConfiguration;
			buildSettings = {
				ALWAYS_SEARCH_USER_PATHS = NO;
				CLANG_CXX_LANGUAGE_STANDARD = "gnu++0x";
				CLANG_CXX_LIBRARY = "libc++";
				CLANG_WARN_EMPTY_BODY = YES;
				CLANG_WARN__DUPLICATE_METHOD_MATCH = YES;
				"CODE_SIGN_IDENTITY[sdk=iphoneos*]" = "iPhone Developer";
				COPY_PHASE_STRIP = YES;
				GCC_C_LANGUAGE_STANDARD = gnu99;
				GCC_WARN_ABOUT_RETURN_TYPE = YES;
				GCC_WARN_UNINITIALIZED_AUTOS = YES;
				GCC_WARN_UNUSED_VARIABLE = YES;
				IPHONEOS_DEPLOYMENT_TARGET = 6.0;
				OTHER_CFLAGS = "-DNS_BLOCK_ASSERTIONS=1";
				SDKROOT = iphoneos;
				VALIDATE_PRODUCT = YES;
			};
			name = Release;
		};
		3E7DDB811621A3D500674824 /* Debug */ = {
			isa = XCBuildConfiguration;
			buildSettings = {
				GCC_PRECOMPILE_PREFIX_HEADER = YES;
				GCC_PREFIX_HEADER = "APL2_Week3/APL2_Week3-Prefix.pch";
				INFOPLIST_FILE = "APL2_Week3/APL2_Week3-Info.plist";
				PRODUCT_NAME = "$(TARGET_NAME)";
				WRAPPER_EXTENSION = app;
			};
			name = Debug;
		};
		3E7DDB821621A3D500674824 /* Release */ = {
			isa = XCBuildConfiguration;
			buildSettings = {
				GCC_PRECOMPILE_PREFIX_HEADER = YES;
				GCC_PREFIX_HEADER = "APL2_Week3/APL2_Week3-Prefix.pch";
				INFOPLIST_FILE = "APL2_Week3/APL2_Week3-Info.plist";
				PRODUCT_NAME = "$(TARGET_NAME)";
				WRAPPER_EXTENSION = app;
			};
			name = Release;
		};
/* End XCBuildConfiguration section */

/* Begin XCConfigurationList section */
		3E7DDB501621A3D500674824 /* Build configuration list for PBXProject "APL2_Week3" */ = {
			isa = XCConfigurationList;
			buildConfigurations = (
				3E7DDB7E1621A3D500674824 /* Debug */,
				3E7DDB7F1621A3D500674824 /* Release */,
			);
			defaultConfigurationIsVisible = 0;
			defaultConfigurationName = Release;
		};
		3E7DDB801621A3D500674824 /* Build configuration list for PBXNativeTarget "APL2_Week3" */ = {
			isa = XCConfigurationList;
			buildConfigurations = (
				3E7DDB811621A3D500674824 /* Debug */,
				3E7DDB821621A3D500674824 /* Release */,
			);
			defaultConfigurationIsVisible = 0;
		};
/* End XCConfigurationList section */
	};
	rootObject = 3E7DDB4D1621A3D500674824 /* Project object */;
}
